
Microsoft Visual Studio Solution File, Format Version 12.00
# Visual Studio Version 17
VisualStudioVersion = 17.0.31903.59
MinimumVisualStudioVersion = 10.0.40219.1
Project("{FAE04EC0-301F-11D3-BF4B-00C04F79EFBC}") = "Back Propagation", "Back Propagation\Back Propagation.csproj", "{BA3A9D2C-883B-44BF-B4B9-6921397EC341}"
EndProject
Global
	GlobalSection(SolutionConfigurationPlatforms) = preSolution
		Debug|Any CPU = Debug|Any CPU
		Release|Any CPU = Release|Any CPU
	EndGlobalSection
	GlobalSection(ProjectConfigurationPlatforms) = postSolution
		{BA3A9D2C-883B-44BF-B4B9-6921397EC341}.Debug|Any CPU.ActiveCfg = Debug|Any CPU
		{BA3A9D2C-883B-44BF-B4B9-6921397EC341}.Debug|Any CPU.Build.0 = Debug|Any CPU
		{BA3A9D2C-883B-44BF-B4B9-6921397EC341}.Release|Any CPU.ActiveCfg = Release|Any CPU
		{BA3A9D2C-883B-44BF-B4B9-6921397EC341}.Release|Any CPU.Build.0 = Release|Any CPU
	EndGlobalSection
	GlobalSection(SolutionProperties) = preSolution
		HideSolutionNode = FALSE
	EndGlobalSection
	GlobalSection(ExtensibilityGlobals) = postSolution
		SolutionGuid = {39ACB90F-D24D-467A-8F02-B486C4AAACA0}
	EndGlobalSection
EndGlobal
